{
  "name": "js-sha3",
  "version": "0.9.0",
  "lockfileVersion": 2,
  "requires": true,
  "packages": {
    "": {
      "version": "0.9.0",
      "license": "MIT",
      "devDependencies": {
        "uglify-js": "^3.13.1",
        "uglifyjs": "^2.4.11"
      }
    },
    "node_modules/uglify-js": {
      "version": "3.13.3",
      "resolved": "https://registry.npmjs.org/uglify-js/-/uglify-js-3.13.3.tgz",
      "integrity": "sha512-otIc7O9LyxpUcQoXzj2hL4LPWKklO6LJWoJUzNa8A17Xgi4fOeDC8FBDOLHnC/Slo1CQgsZMcM6as0M76BZaig==",
      "dev": true,
      "bin": {
        "uglifyjs": "bin/uglifyjs"
      },
      "engines": {
        "node": ">=0.8.0"
      }
    },
    "node_modules/uglifyjs": {
      "version": "2.4.11",
      "resolved": "https://registry.npmjs.org/uglifyjs/-/uglifyjs-2.4.11.tgz",
      "integrity": "sha1-NEDWTgRXWViVJEGOtkHGi7kNET4=",
      "deprecated": "uglifyjs is deprecated - use uglify-js instead.",
      "dev": true
    }
  },
  "dependencies": {
    "uglify-js": {
      "version": "3.13.3",
      "resolved": "https://registry.npmjs.org/uglify-js/-/uglify-js-3.13.3.tgz",
      "integrity": "sha512-otIc7O9LyxpUcQoXzj2hL4LPWKklO6LJWoJUzNa8A17Xgi4fOeDC8FBDOLHnC/Slo1CQgsZMcM6as0M76BZaig==",
      "dev": true
    },
    "uglifyjs": {
      "version": "2.4.11",
      "resolved": "https://registry.npmjs.org/uglifyjs/-/uglifyjs-2.4.11.tgz",
      "integrity": "sha1-NEDWTgRXWViVJEGOtkHGi7kNET4=",
      "dev": true
    }
  }
}
